
Microsoft Visual Studio Solution File, Format Version 12.00
# Visual Studio Version 16
VisualStudioVersion = 16.0.31005.135
MinimumVisualStudioVersion = 10.0.40219.1
Project("{FAE04EC0-301F-11D3-BF4B-00C04F79EFBC}") = "Accessory_States", "Accessory_States.csproj", "{47F76284-35E0-43DE-872D-0B6829CB4A2D}"
EndProject
Global
	GlobalSection(SolutionConfigurationPlatforms) = preSolution
		Debug|Any CPU = Debug|Any CPU
		Release|Any CPU = Release|Any CPU
	EndGlobalSection
	GlobalSection(ProjectConfigurationPlatforms) = postSolution
		{47F76284-35E0-43DE-872D-0B6829CB4A2D}.Debug|Any CPU.ActiveCfg = Debug|Any CPU
		{47F76284-35E0-43DE-872D-0B6829CB4A2D}.Debug|Any CPU.Build.0 = Debug|Any CPU
		{47F76284-35E0-43DE-872D-0B6829CB4A2D}.Release|Any CPU.ActiveCfg = Release|Any CPU
		{47F76284-35E0-43DE-872D-0B6829CB4A2D}.Release|Any CPU.Build.0 = Release|Any CPU
	EndGlobalSection
	GlobalSection(SolutionProperties) = preSolution
		HideSolutionNode = FALSE
	EndGlobalSection
	GlobalSection(ExtensibilityGlobals) = postSolution
		SolutionGuid = {5510DA26-23CD-48BB-B25D-957580832651}
	EndGlobalSection
EndGlobal
