
Microsoft Visual Studio Solution File, Format Version 12.00
# Visual Studio Version 16
VisualStudioVersion = 16.0.31005.135
MinimumVisualStudioVersion = 10.0.40219.1
Project("{FAE04EC0-301F-11D3-BF4B-00C04F79EFBC}") = "Accessory_Parents", "Accessory Parents\Accessory_Parents\Accessory_Parents.csproj", "{A806537E-6D4C-4803-B426-42529CF78C3B}"
EndProject
Project("{FAE04EC0-301F-11D3-BF4B-00C04F79EFBC}") = "Accessory_States", "Accessory States\Accessory_States.csproj", "{47F76284-35E0-43DE-872D-0B6829CB4A2D}"
EndProject
Project("{FAE04EC0-301F-11D3-BF4B-00C04F79EFBC}") = "Accessory_Themes", "Accessory Themes\Accessory Themes\Accessory_Themes.csproj", "{86AB6D65-3357-48DE-BBA2-ED3EA4912BCC}"
	ProjectSection(ProjectDependencies) = postProject
		{C524AC66-CABC-4301-8B24-6910C0BE07F7} = {C524AC66-CABC-4301-8B24-6910C0BE07F7}
	EndProjectSection
EndProject
Project("{FAE04EC0-301F-11D3-BF4B-00C04F79EFBC}") = "Accessory_Shortcuts", "Accessory Shortcuts\Accessory_Shortcuts\Accessory_Shortcuts.csproj", "{18733318-DA12-4D7F-A8D4-0E320B22693A}"
EndProject
Project("{FAE04EC0-301F-11D3-BF4B-00C04F79EFBC}") = "Additional_Card_Info", "Additional Card Info\Additional Card Info\Additional_Card_Info.csproj", "{C524AC66-CABC-4301-8B24-6910C0BE07F7}"
EndProject
Project("{2150E333-8FDC-42A3-9474-1A3956D46DE8}") = "Accessory Parents", "Accessory Parents", "{CDDC73AD-5751-4052-8653-F9326EB98CAB}"
EndProject
Project("{2150E333-8FDC-42A3-9474-1A3956D46DE8}") = "Accessory States", "Accessory States", "{88C5DE87-9135-46BE-A0B4-4627523740EE}"
EndProject
Project("{2150E333-8FDC-42A3-9474-1A3956D46DE8}") = "Accessory Themes", "Accessory Themes", "{2C734F2C-A590-406C-81C4-6D9E983DAB4F}"
EndProject
Project("{2150E333-8FDC-42A3-9474-1A3956D46DE8}") = "Additional Card Info", "Additional Card Info", "{2FE3728A-88D1-4A36-B2A5-F3C12DC12C7A}"
EndProject
Project("{2150E333-8FDC-42A3-9474-1A3956D46DE8}") = "Accessory Shortcuts", "Accessory Shortcuts", "{65E04BCA-9D10-4320-A4F0-8EBABF2BC042}"
EndProject
Project("{D954291E-2A0B-460D-934E-DC6B0785DB48}") = "Additional_Card_Info.Core", "Additional_Card_Info.Core\Additional_Card_Info.Core.shproj", "{C714F336-B117-4E0F-A3EF-585D5C337D12}"
EndProject
Project("{D954291E-2A0B-460D-934E-DC6B0785DB48}") = "Accessory_Themes.Core", "Accessory_Themes.Core\Accessory_Themes.Core.shproj", "{9FFB362A-E861-48C3-9516-09BCFFA262C9}"
EndProject
Project("{D954291E-2A0B-460D-934E-DC6B0785DB48}") = "Accessory", "Accessory.Hooks\Accessory.shproj", "{7E1108F2-F0D8-4188-90CC-FD034B820C1E}"
EndProject
Project("{D954291E-2A0B-460D-934E-DC6B0785DB48}") = "Accessory States.Core", "Accessory States.core\Accessory States.Core.shproj", "{DDE006D7-3AF0-423A-8071-1C0012D78F61}"
EndProject
Project("{D954291E-2A0B-460D-934E-DC6B0785DB48}") = "Accessory Parents.Core", "Accessory Parents.core\Accessory Parents.Core.shproj", "{A336900A-BB3F-47E3-93F9-000C6A3184B8}"
EndProject
Project("{D954291E-2A0B-460D-934E-DC6B0785DB48}") = "Generic.Core", "Generic.Core\Generic.Core.shproj", "{70D32956-C432-403A-87BC-A13BA321E24F}"
EndProject
Project("{FAE04EC0-301F-11D3-BF4B-00C04F79EFBC}") = "KKS_Additional_Card_Info", "KKS_Additional_Card_Info\KKS_Additional_Card_Info.csproj", "{B200ACF0-4829-47FB-8F12-300F3E3C4294}"
EndProject
Project("{FAE04EC0-301F-11D3-BF4B-00C04F79EFBC}") = "KKS_Accessory_Themes", "KKS_Accessory_Themes\KKS_Accessory_Themes.csproj", "{A1277471-6CD7-4BA8-8313-85E51F2E4603}"
EndProject
Project("{FAE04EC0-301F-11D3-BF4B-00C04F79EFBC}") = "KKS_Accessory_States", "KKS_Accessory_States\KKS_Accessory_States.csproj", "{5307DCE9-B7A3-4904-98F2-DCFAF9F55A90}"
EndProject
Project("{FAE04EC0-301F-11D3-BF4B-00C04F79EFBC}") = "KKS_Accessory_Shortcuts", "KKS_Accessory_Shortcuts\KKS_Accessory_Shortcuts.csproj", "{ABC8EEE9-4AE3-402D-9309-87C5C7C470FA}"
EndProject
Project("{FAE04EC0-301F-11D3-BF4B-00C04F79EFBC}") = "KKS_Accessory_Parents", "KKS_Accessory_Parents\KKS_Accessory_Parents.csproj", "{416F0E17-FA0C-4C24-8D5F-58B480075573}"
EndProject
Project("{D954291E-2A0B-460D-934E-DC6B0785DB48}") = "Accessory_Shortcuts.Core", "Accessory_Shortcuts.Core\Accessory_Shortcuts.Core.shproj", "{B3794564-3F81-4048-8050-E8ED0BF4A4A4}"
EndProject
Project("{2150E333-8FDC-42A3-9474-1A3956D46DE8}") = "Solution Items", "Solution Items", "{8B5C5676-86D7-4449-A5A5-137E7E095B60}"
	ProjectSection(SolutionItems) = preProject
		.editorconfig = .editorconfig
	EndProjectSection
EndProject
Project("{2150E333-8FDC-42A3-9474-1A3956D46DE8}") = "Card Updating Tool", "Card Updating Tool", "{6836DE1F-DA92-4787-9744-1744C29FF6AE}"
EndProject
Project("{D954291E-2A0B-460D-934E-DC6B0785DB48}") = "CardUpdateTool", "CardUpdatetool\CardUpdateTool.shproj", "{31363CFC-EBC6-41FB-92F0-C683918C6D05}"
EndProject
Project("{FAE04EC0-301F-11D3-BF4B-00C04F79EFBC}") = "KKS_CardUpdateTool", "KKS_CardUpdateTool\KKS_CardUpdateTool.csproj", "{6DA96510-DC7F-4AA9-9AF2-EE2C5D6C83A6}"
EndProject
Project("{FAE04EC0-301F-11D3-BF4B-00C04F79EFBC}") = "KK_CardUpdateTool", "KK_CardUpdateTool\KK_CardUpdateTool.csproj", "{3C63226F-BEFB-4162-ACAC-B20902B60F93}"
EndProject
Project("{D954291E-2A0B-460D-934E-DC6B0785DB48}") = "Extensions", "Extensions\Extensions.shproj", "{C6D77E52-9BF4-4B2B-B1C3-345218550E10}"
EndProject
Global
	GlobalSection(SharedMSBuildProjectFiles) = preSolution
		Accessory_Shortcuts.Core\Accessory_Shortcuts.Core.projitems*{18733318-da12-4d7f-a8d4-0e320b22693a}*SharedItemsImports = 4
		CardUpdatetool\CardUpdatetool.projitems*{31363cfc-ebc6-41fb-92f0-c683918c6d05}*SharedItemsImports = 13
		CardUpdatetool\CardUpdatetool.projitems*{3c63226f-befb-4162-acac-b20902b60f93}*SharedItemsImports = 4
		Accessory Parents.core\Accessory Parents.core.projitems*{416f0e17-fa0c-4c24-8d5f-58b480075573}*SharedItemsImports = 4
		Accessory.Hooks\Accessory.Hooks.projitems*{416f0e17-fa0c-4c24-8d5f-58b480075573}*SharedItemsImports = 4
		Extensions\Extensions.projitems*{416f0e17-fa0c-4c24-8d5f-58b480075573}*SharedItemsImports = 4
		Accessory States.core\Accessory States.core.projitems*{47f76284-35e0-43de-872d-0b6829cb4a2d}*SharedItemsImports = 4
		Accessory.Hooks\Accessory.Hooks.projitems*{47f76284-35e0-43de-872d-0b6829cb4a2d}*SharedItemsImports = 4
		Extensions\Extensions.projitems*{47f76284-35e0-43de-872d-0b6829cb4a2d}*SharedItemsImports = 4
		Generic.Core\Generic.Core.projitems*{47f76284-35e0-43de-872d-0b6829cb4a2d}*SharedItemsImports = 4
		Accessory States.core\Accessory States.core.projitems*{5307dce9-b7a3-4904-98f2-dcfaf9f55a90}*SharedItemsImports = 4
		Accessory.Hooks\Accessory.Hooks.projitems*{5307dce9-b7a3-4904-98f2-dcfaf9f55a90}*SharedItemsImports = 4
		Extensions\Extensions.projitems*{5307dce9-b7a3-4904-98f2-dcfaf9f55a90}*SharedItemsImports = 4
		Generic.Core\Generic.Core.projitems*{5307dce9-b7a3-4904-98f2-dcfaf9f55a90}*SharedItemsImports = 4
		Generic.Core\Generic.Core.projitems*{70d32956-c432-403a-87bc-a13ba321e24f}*SharedItemsImports = 13
		Accessory.Hooks\Accessory.Hooks.projitems*{7e1108f2-f0d8-4188-90cc-fd034b820c1e}*SharedItemsImports = 13
		Accessory.Hooks\Accessory.Hooks.projitems*{86ab6d65-3357-48de-bba2-ed3ea4912bcc}*SharedItemsImports = 4
		Accessory_Themes.Core\Accessory_Themes.Core.projitems*{86ab6d65-3357-48de-bba2-ed3ea4912bcc}*SharedItemsImports = 4
		Accessory_Themes.Core\Accessory_Themes.Core.projitems*{9ffb362a-e861-48c3-9516-09bcffa262c9}*SharedItemsImports = 13
		Accessory.Hooks\Accessory.Hooks.projitems*{a1277471-6cd7-4ba8-8313-85e51f2e4603}*SharedItemsImports = 4
		Accessory_Themes.Core\Accessory_Themes.Core.projitems*{a1277471-6cd7-4ba8-8313-85e51f2e4603}*SharedItemsImports = 4
		Accessory Parents.core\Accessory Parents.core.projitems*{a336900a-bb3f-47e3-93f9-000c6a3184b8}*SharedItemsImports = 13
		Accessory Parents.core\Accessory Parents.core.projitems*{a806537e-6d4c-4803-b426-42529cf78c3b}*SharedItemsImports = 4
		Accessory.Hooks\Accessory.Hooks.projitems*{a806537e-6d4c-4803-b426-42529cf78c3b}*SharedItemsImports = 4
		Extensions\Extensions.projitems*{a806537e-6d4c-4803-b426-42529cf78c3b}*SharedItemsImports = 4
		Accessory_Shortcuts.Core\Accessory_Shortcuts.Core.projitems*{abc8eee9-4ae3-402d-9309-87c5c7c470fa}*SharedItemsImports = 4
		Accessory.Hooks\Accessory.Hooks.projitems*{b200acf0-4829-47fb-8f12-300f3e3c4294}*SharedItemsImports = 4
		Additional_Card_Info.Core\Additional_Card_Info.Core.projitems*{b200acf0-4829-47fb-8f12-300f3e3c4294}*SharedItemsImports = 4
		Extensions\Extensions.projitems*{b200acf0-4829-47fb-8f12-300f3e3c4294}*SharedItemsImports = 4
		Generic.Core\Generic.Core.projitems*{b200acf0-4829-47fb-8f12-300f3e3c4294}*SharedItemsImports = 4
		Accessory_Shortcuts.Core\Accessory_Shortcuts.Core.projitems*{b3794564-3f81-4048-8050-e8ed0bf4a4a4}*SharedItemsImports = 13
		Accessory.Hooks\Accessory.Hooks.projitems*{c524ac66-cabc-4301-8b24-6910c0be07f7}*SharedItemsImports = 4
		Additional_Card_Info.Core\Additional_Card_Info.Core.projitems*{c524ac66-cabc-4301-8b24-6910c0be07f7}*SharedItemsImports = 4
		Extensions\Extensions.projitems*{c524ac66-cabc-4301-8b24-6910c0be07f7}*SharedItemsImports = 4
		Extensions\Extensions.projitems*{c6d77e52-9bf4-4b2b-b1c3-345218550e10}*SharedItemsImports = 13
		Additional_Card_Info.Core\Additional_Card_Info.Core.projitems*{c714f336-b117-4e0f-a3ef-585d5c337d12}*SharedItemsImports = 13
		Accessory States.core\Accessory States.core.projitems*{dde006d7-3af0-423a-8071-1c0012d78f61}*SharedItemsImports = 13
	EndGlobalSection
	GlobalSection(SolutionConfigurationPlatforms) = preSolution
		Debug|Any CPU = Debug|Any CPU
		Release|Any CPU = Release|Any CPU
	EndGlobalSection
	GlobalSection(ProjectConfigurationPlatforms) = postSolution
		{A806537E-6D4C-4803-B426-42529CF78C3B}.Debug|Any CPU.ActiveCfg = Release|Any CPU
		{A806537E-6D4C-4803-B426-42529CF78C3B}.Debug|Any CPU.Build.0 = Release|Any CPU
		{A806537E-6D4C-4803-B426-42529CF78C3B}.Release|Any CPU.ActiveCfg = Release|Any CPU
		{A806537E-6D4C-4803-B426-42529CF78C3B}.Release|Any CPU.Build.0 = Release|Any CPU
		{47F76284-35E0-43DE-872D-0B6829CB4A2D}.Debug|Any CPU.ActiveCfg = Release|Any CPU
		{47F76284-35E0-43DE-872D-0B6829CB4A2D}.Debug|Any CPU.Build.0 = Release|Any CPU
		{47F76284-35E0-43DE-872D-0B6829CB4A2D}.Release|Any CPU.ActiveCfg = Release|Any CPU
		{47F76284-35E0-43DE-872D-0B6829CB4A2D}.Release|Any CPU.Build.0 = Release|Any CPU
		{86AB6D65-3357-48DE-BBA2-ED3EA4912BCC}.Debug|Any CPU.ActiveCfg = Release|Any CPU
		{86AB6D65-3357-48DE-BBA2-ED3EA4912BCC}.Debug|Any CPU.Build.0 = Release|Any CPU
		{86AB6D65-3357-48DE-BBA2-ED3EA4912BCC}.Release|Any CPU.ActiveCfg = Release|Any CPU
		{86AB6D65-3357-48DE-BBA2-ED3EA4912BCC}.Release|Any CPU.Build.0 = Release|Any CPU
		{18733318-DA12-4D7F-A8D4-0E320B22693A}.Debug|Any CPU.ActiveCfg = Release|Any CPU
		{18733318-DA12-4D7F-A8D4-0E320B22693A}.Debug|Any CPU.Build.0 = Release|Any CPU
		{18733318-DA12-4D7F-A8D4-0E320B22693A}.Release|Any CPU.ActiveCfg = Release|Any CPU
		{18733318-DA12-4D7F-A8D4-0E320B22693A}.Release|Any CPU.Build.0 = Release|Any CPU
		{C524AC66-CABC-4301-8B24-6910C0BE07F7}.Debug|Any CPU.ActiveCfg = Release|Any CPU
		{C524AC66-CABC-4301-8B24-6910C0BE07F7}.Debug|Any CPU.Build.0 = Release|Any CPU
		{C524AC66-CABC-4301-8B24-6910C0BE07F7}.Release|Any CPU.ActiveCfg = Release|Any CPU
		{C524AC66-CABC-4301-8B24-6910C0BE07F7}.Release|Any CPU.Build.0 = Release|Any CPU
		{B200ACF0-4829-47FB-8F12-300F3E3C4294}.Debug|Any CPU.ActiveCfg = Debug|Any CPU
		{B200ACF0-4829-47FB-8F12-300F3E3C4294}.Release|Any CPU.ActiveCfg = Release|Any CPU
		{B200ACF0-4829-47FB-8F12-300F3E3C4294}.Release|Any CPU.Build.0 = Release|Any CPU
		{A1277471-6CD7-4BA8-8313-85E51F2E4603}.Debug|Any CPU.ActiveCfg = Debug|Any CPU
		{A1277471-6CD7-4BA8-8313-85E51F2E4603}.Release|Any CPU.ActiveCfg = Release|Any CPU
		{A1277471-6CD7-4BA8-8313-85E51F2E4603}.Release|Any CPU.Build.0 = Release|Any CPU
		{5307DCE9-B7A3-4904-98F2-DCFAF9F55A90}.Debug|Any CPU.ActiveCfg = Debug|Any CPU
		{5307DCE9-B7A3-4904-98F2-DCFAF9F55A90}.Release|Any CPU.ActiveCfg = Release|Any CPU
		{5307DCE9-B7A3-4904-98F2-DCFAF9F55A90}.Release|Any CPU.Build.0 = Release|Any CPU
		{ABC8EEE9-4AE3-402D-9309-87C5C7C470FA}.Debug|Any CPU.ActiveCfg = Debug|Any CPU
		{ABC8EEE9-4AE3-402D-9309-87C5C7C470FA}.Release|Any CPU.ActiveCfg = Release|Any CPU
		{ABC8EEE9-4AE3-402D-9309-87C5C7C470FA}.Release|Any CPU.Build.0 = Release|Any CPU
		{416F0E17-FA0C-4C24-8D5F-58B480075573}.Debug|Any CPU.ActiveCfg = Debug|Any CPU
		{416F0E17-FA0C-4C24-8D5F-58B480075573}.Release|Any CPU.ActiveCfg = Release|Any CPU
		{416F0E17-FA0C-4C24-8D5F-58B480075573}.Release|Any CPU.Build.0 = Release|Any CPU
		{6DA96510-DC7F-4AA9-9AF2-EE2C5D6C83A6}.Debug|Any CPU.ActiveCfg = Debug|Any CPU
		{6DA96510-DC7F-4AA9-9AF2-EE2C5D6C83A6}.Release|Any CPU.ActiveCfg = Release|Any CPU
		{6DA96510-DC7F-4AA9-9AF2-EE2C5D6C83A6}.Release|Any CPU.Build.0 = Release|Any CPU
		{3C63226F-BEFB-4162-ACAC-B20902B60F93}.Debug|Any CPU.ActiveCfg = Debug|Any CPU
		{3C63226F-BEFB-4162-ACAC-B20902B60F93}.Debug|Any CPU.Build.0 = Debug|Any CPU
		{3C63226F-BEFB-4162-ACAC-B20902B60F93}.Release|Any CPU.ActiveCfg = Release|Any CPU
		{3C63226F-BEFB-4162-ACAC-B20902B60F93}.Release|Any CPU.Build.0 = Release|Any CPU
	EndGlobalSection
	GlobalSection(SolutionProperties) = preSolution
		HideSolutionNode = FALSE
	EndGlobalSection
	GlobalSection(NestedProjects) = preSolution
		{A806537E-6D4C-4803-B426-42529CF78C3B} = {CDDC73AD-5751-4052-8653-F9326EB98CAB}
		{47F76284-35E0-43DE-872D-0B6829CB4A2D} = {88C5DE87-9135-46BE-A0B4-4627523740EE}
		{86AB6D65-3357-48DE-BBA2-ED3EA4912BCC} = {2C734F2C-A590-406C-81C4-6D9E983DAB4F}
		{18733318-DA12-4D7F-A8D4-0E320B22693A} = {65E04BCA-9D10-4320-A4F0-8EBABF2BC042}
		{C524AC66-CABC-4301-8B24-6910C0BE07F7} = {2FE3728A-88D1-4A36-B2A5-F3C12DC12C7A}
		{C714F336-B117-4E0F-A3EF-585D5C337D12} = {2FE3728A-88D1-4A36-B2A5-F3C12DC12C7A}
		{9FFB362A-E861-48C3-9516-09BCFFA262C9} = {2C734F2C-A590-406C-81C4-6D9E983DAB4F}
		{DDE006D7-3AF0-423A-8071-1C0012D78F61} = {88C5DE87-9135-46BE-A0B4-4627523740EE}
		{A336900A-BB3F-47E3-93F9-000C6A3184B8} = {CDDC73AD-5751-4052-8653-F9326EB98CAB}
		{B200ACF0-4829-47FB-8F12-300F3E3C4294} = {2FE3728A-88D1-4A36-B2A5-F3C12DC12C7A}
		{A1277471-6CD7-4BA8-8313-85E51F2E4603} = {2C734F2C-A590-406C-81C4-6D9E983DAB4F}
		{5307DCE9-B7A3-4904-98F2-DCFAF9F55A90} = {88C5DE87-9135-46BE-A0B4-4627523740EE}
		{ABC8EEE9-4AE3-402D-9309-87C5C7C470FA} = {65E04BCA-9D10-4320-A4F0-8EBABF2BC042}
		{416F0E17-FA0C-4C24-8D5F-58B480075573} = {CDDC73AD-5751-4052-8653-F9326EB98CAB}
		{B3794564-3F81-4048-8050-E8ED0BF4A4A4} = {65E04BCA-9D10-4320-A4F0-8EBABF2BC042}
		{31363CFC-EBC6-41FB-92F0-C683918C6D05} = {6836DE1F-DA92-4787-9744-1744C29FF6AE}
		{6DA96510-DC7F-4AA9-9AF2-EE2C5D6C83A6} = {6836DE1F-DA92-4787-9744-1744C29FF6AE}
		{3C63226F-BEFB-4162-ACAC-B20902B60F93} = {6836DE1F-DA92-4787-9744-1744C29FF6AE}
	EndGlobalSection
	GlobalSection(ExtensibilityGlobals) = postSolution
		SolutionGuid = {E8C2C57B-E374-4DAF-BAD2-4148E436274E}
	EndGlobalSection
EndGlobal
