
Microsoft Visual Studio Solution File, Format Version 12.00
# Visual Studio Version 16
VisualStudioVersion = 16.0.31005.135
MinimumVisualStudioVersion = 10.0.40219.1
Project("{FAE04EC0-301F-11D3-BF4B-00C04F79EFBC}") = "Accessory_Parents", "Accessory Parents\Accessory_Parents\Accessory_Parents.csproj", "{A806537E-6D4C-4803-B426-42529CF78C3B}"
EndProject
Project("{FAE04EC0-301F-11D3-BF4B-00C04F79EFBC}") = "Accessory_States", "Accessory States\Accessory_States.csproj", "{47F76284-35E0-43DE-872D-0B6829CB4A2D}"
EndProject
Project("{FAE04EC0-301F-11D3-BF4B-00C04F79EFBC}") = "Accessory_Themes", "Accessory Themes\Accessory Themes\Accessory_Themes.csproj", "{86AB6D65-3357-48DE-BBA2-ED3EA4912BCC}"
	ProjectSection(ProjectDependencies) = postProject
		{C524AC66-CABC-4301-8B24-6910C0BE07F7} = {C524AC66-CABC-4301-8B24-6910C0BE07F7}
	EndProjectSection
EndProject
Project("{FAE04EC0-301F-11D3-BF4B-00C04F79EFBC}") = "Template_Accessories", "Accessory Template\Accessory_Template\Template_Accessories.csproj", "{73F3996E-4290-4C1A-B472-31035B0A2F72}"
EndProject
Project("{FAE04EC0-301F-11D3-BF4B-00C04F79EFBC}") = "Accessory_Shortcuts", "Accessory Shortcuts\Accessory_Shortcuts\Accessory_Shortcuts.csproj", "{18733318-DA12-4D7F-A8D4-0E320B22693A}"
EndProject
Project("{FAE04EC0-301F-11D3-BF4B-00C04F79EFBC}") = "Additional_Card_Info", "Additional Card Info\Additional Card Info\Additional_Card_Info.csproj", "{C524AC66-CABC-4301-8B24-6910C0BE07F7}"
EndProject
Global
	GlobalSection(SolutionConfigurationPlatforms) = preSolution
		Debug|Any CPU = Debug|Any CPU
		Release|Any CPU = Release|Any CPU
	EndGlobalSection
	GlobalSection(ProjectConfigurationPlatforms) = postSolution
		{A806537E-6D4C-4803-B426-42529CF78C3B}.Debug|Any CPU.ActiveCfg = Debug|Any CPU
		{A806537E-6D4C-4803-B426-42529CF78C3B}.Debug|Any CPU.Build.0 = Debug|Any CPU
		{A806537E-6D4C-4803-B426-42529CF78C3B}.Release|Any CPU.ActiveCfg = Release|Any CPU
		{A806537E-6D4C-4803-B426-42529CF78C3B}.Release|Any CPU.Build.0 = Release|Any CPU
		{47F76284-35E0-43DE-872D-0B6829CB4A2D}.Debug|Any CPU.ActiveCfg = Debug|Any CPU
		{47F76284-35E0-43DE-872D-0B6829CB4A2D}.Debug|Any CPU.Build.0 = Debug|Any CPU
		{47F76284-35E0-43DE-872D-0B6829CB4A2D}.Release|Any CPU.ActiveCfg = Release|Any CPU
		{47F76284-35E0-43DE-872D-0B6829CB4A2D}.Release|Any CPU.Build.0 = Release|Any CPU
		{86AB6D65-3357-48DE-BBA2-ED3EA4912BCC}.Debug|Any CPU.ActiveCfg = Debug|Any CPU
		{86AB6D65-3357-48DE-BBA2-ED3EA4912BCC}.Debug|Any CPU.Build.0 = Debug|Any CPU
		{86AB6D65-3357-48DE-BBA2-ED3EA4912BCC}.Release|Any CPU.ActiveCfg = Release|Any CPU
		{86AB6D65-3357-48DE-BBA2-ED3EA4912BCC}.Release|Any CPU.Build.0 = Release|Any CPU
		{73F3996E-4290-4C1A-B472-31035B0A2F72}.Debug|Any CPU.ActiveCfg = Debug|Any CPU
		{73F3996E-4290-4C1A-B472-31035B0A2F72}.Debug|Any CPU.Build.0 = Debug|Any CPU
		{73F3996E-4290-4C1A-B472-31035B0A2F72}.Release|Any CPU.ActiveCfg = Release|Any CPU
		{73F3996E-4290-4C1A-B472-31035B0A2F72}.Release|Any CPU.Build.0 = Release|Any CPU
		{18733318-DA12-4D7F-A8D4-0E320B22693A}.Debug|Any CPU.ActiveCfg = Debug|Any CPU
		{18733318-DA12-4D7F-A8D4-0E320B22693A}.Debug|Any CPU.Build.0 = Debug|Any CPU
		{18733318-DA12-4D7F-A8D4-0E320B22693A}.Release|Any CPU.ActiveCfg = Release|Any CPU
		{18733318-DA12-4D7F-A8D4-0E320B22693A}.Release|Any CPU.Build.0 = Release|Any CPU
		{C524AC66-CABC-4301-8B24-6910C0BE07F7}.Debug|Any CPU.ActiveCfg = Debug|Any CPU
		{C524AC66-CABC-4301-8B24-6910C0BE07F7}.Debug|Any CPU.Build.0 = Debug|Any CPU
		{C524AC66-CABC-4301-8B24-6910C0BE07F7}.Release|Any CPU.ActiveCfg = Release|Any CPU
		{C524AC66-CABC-4301-8B24-6910C0BE07F7}.Release|Any CPU.Build.0 = Release|Any CPU
	EndGlobalSection
	GlobalSection(SolutionProperties) = preSolution
		HideSolutionNode = FALSE
	EndGlobalSection
	GlobalSection(ExtensibilityGlobals) = postSolution
		SolutionGuid = {E8C2C57B-E374-4DAF-BAD2-4148E436274E}
	EndGlobalSection
EndGlobal
